
Microsoft Visual Studio Solution File, Format Version 12.00
# Visual Studio Version 17
VisualStudioVersion = 17.6.33829.357
MinimumVisualStudioVersion = 10.0.40219.1
Project("{FAE04EC0-301F-11D3-BF4B-00C04F79EFBC}") = "WpfApp2", "WpfApp2.csproj", "{48688F48-C119-450C-AB43-90492AA94B92}"
EndProject
Global
	GlobalSection(SolutionConfigurationPlatforms) = preSolution
		Debug|Any CPU = Debug|Any CPU
		Release|Any CPU = Release|Any CPU
	EndGlobalSection
	GlobalSection(ProjectConfigurationPlatforms) = postSolution
		{48688F48-C119-450C-AB43-90492AA94B92}.Debug|Any CPU.ActiveCfg = Debug|Any CPU
		{48688F48-C119-450C-AB43-90492AA94B92}.Debug|Any CPU.Build.0 = Debug|Any CPU
		{48688F48-C119-450C-AB43-90492AA94B92}.Release|Any CPU.ActiveCfg = Release|Any CPU
		{48688F48-C119-450C-AB43-90492AA94B92}.Release|Any CPU.Build.0 = Release|Any CPU
	EndGlobalSection
	GlobalSection(SolutionProperties) = preSolution
		HideSolutionNode = FALSE
	EndGlobalSection
	GlobalSection(ExtensibilityGlobals) = postSolution
		SolutionGuid = {0B0075BD-768E-4B94-B03F-75B78ED814B9}
	EndGlobalSection
EndGlobal
